// !$*UTF8*$!
{
	archiveVersion = 1;
	classes = {
	};
	objectVersion = 46;
	objects = {

/* Begin PBXBuildFile section */
		431B97C819D413A30047B810 /* AppDelegate.swift in Sources */ = {isa = PBXBuildFile; fileRef = 431B97C719D413A30047B810 /* AppDelegate.swift */; };
		431B97CA19D413A30047B810 /* ViewController.swift in Sources */ = {isa = PBXBuildFile; fileRef = 431B97C919D413A30047B810 /* ViewController.swift */; };
		431B97CD19D413A30047B810 /* Main.storyboard in Resources */ = {isa = PBXBuildFile; fileRef = 431B97CB19D413A30047B810 /* Main.storyboard */; };
		431B97CF19D413A30047B810 /* Images.xcassets in Resources */ = {isa = PBXBuildFile; fileRef = 431B97CE19D413A30047B810 /* Images.xcassets */; };
		431B97D219D413A30047B810 /* LaunchScreen.xib in Resources */ = {isa = PBXBuildFile; fileRef = 431B97D019D413A30047B810 /* LaunchScreen.xib */; };
		431B97DE19D413A30047B810 /* EmojiconsTests.swift in Sources */ = {isa = PBXBuildFile; fileRef = 431B97DD19D413A30047B810 /* EmojiconsTests.swift */; };
		431B97F019D4144E0047B810 /* KeyboardViewController.swift in Sources */ = {isa = PBXBuildFile; fileRef = 431B97EF19D4144E0047B810 /* KeyboardViewController.swift */; };
		431B97F319D4144E0047B810 /* EmotiBoard-Keyboard.appex in Embed App Extensions */ = {isa = PBXBuildFile; fileRef = 431B97EB19D4144E0047B810 /* EmotiBoard-Keyboard.appex */; settings = {ATTRIBUTES = (RemoveHeadersOnCopy, ); }; };
		431B97FB19D415AC0047B810 /* KeyboardView.xib in Resources */ = {isa = PBXBuildFile; fileRef = 431B97FA19D415AC0047B810 /* KeyboardView.xib */; };
		431B980819D449260047B810 /* EmojiFlowLayout.swift in Sources */ = {isa = PBXBuildFile; fileRef = 431B980719D449250047B810 /* EmojiFlowLayout.swift */; };
		431B981319D595460047B810 /* EmojiCollectionDataSource.swift in Sources */ = {isa = PBXBuildFile; fileRef = 431B981219D595460047B810 /* EmojiCollectionDataSource.swift */; };
		431B981819D955EE0047B810 /* TitleView.swift in Sources */ = {isa = PBXBuildFile; fileRef = 431B981719D955EE0047B810 /* TitleView.swift */; };
		4332168119DDBAB600E3E9B9 /* EmojiKitTests.swift in Sources */ = {isa = PBXBuildFile; fileRef = 4332168019DDBAB600E3E9B9 /* EmojiKitTests.swift */; };
		4332168419DDBAB600E3E9B9 /* EmojiKit.framework in Frameworks */ = {isa = PBXBuildFile; fileRef = 4332167019DDBAB600E3E9B9 /* EmojiKit.framework */; };
		4332168519DDBAB600E3E9B9 /* EmojiKit.framework in Embed Frameworks */ = {isa = PBXBuildFile; fileRef = 4332167019DDBAB600E3E9B9 /* EmojiKit.framework */; settings = {ATTRIBUTES = (CodeSignOnCopy, RemoveHeadersOnCopy, ); }; };
		4332168F19DDBAE500E3E9B9 /* Kaomoji.swift in Sources */ = {isa = PBXBuildFile; fileRef = 4332168E19DDBAE500E3E9B9 /* Kaomoji.swift */; };
		4332169019DDBAFF00E3E9B9 /* EmojiKit.framework in Frameworks */ = {isa = PBXBuildFile; fileRef = 4332167019DDBAB600E3E9B9 /* EmojiKit.framework */; };
		433AAE2719E187AF0084B67C /* Images.xcassets in Resources */ = {isa = PBXBuildFile; fileRef = 431B97CE19D413A30047B810 /* Images.xcassets */; };
		433AAE2E19E2A6060084B67C /* TabBar.swift in Sources */ = {isa = PBXBuildFile; fileRef = 433AAE2C19E2A6060084B67C /* TabBar.swift */; };
		433AAE2F19E2A6060084B67C /* TabButton.swift in Sources */ = {isa = PBXBuildFile; fileRef = 433AAE2D19E2A6060084B67C /* TabButton.swift */; };
		43418B7819DEA1CC00052633 /* KaomojiCoreDataManager.swift in Sources */ = {isa = PBXBuildFile; fileRef = 43418B7719DEA1CC00052633 /* KaomojiCoreDataManager.swift */; };
		4376F98F19EFF548001CC1A7 /* EmojiCollectionViewCell.swift in Sources */ = {isa = PBXBuildFile; fileRef = 4376F98D19EFF548001CC1A7 /* EmojiCollectionViewCell.swift */; };
		4376F99019EFF548001CC1A7 /* EmojiCollectionViewCell.xib in Resources */ = {isa = PBXBuildFile; fileRef = 4376F98E19EFF548001CC1A7 /* EmojiCollectionViewCell.xib */; };
		438C120019EE9AF500B8A2FF /* allKao.json in Resources */ = {isa = PBXBuildFile; fileRef = 438C11FF19EE9AF500B8A2FF /* allKao.json */; };
		438C120119EE9AF500B8A2FF /* allKao.json in Resources */ = {isa = PBXBuildFile; fileRef = 438C11FF19EE9AF500B8A2FF /* allKao.json */; };
		438C120219EE9AF500B8A2FF /* allKao.json in Resources */ = {isa = PBXBuildFile; fileRef = 438C11FF19EE9AF500B8A2FF /* allKao.json */; };
		43DE5AD119E2B53E00F5544D /* TableViewController.swift in Sources */ = {isa = PBXBuildFile; fileRef = 433AAE3019E2AA720084B67C /* TableViewController.swift */; };
		43DE5AD219E2B53E00F5544D /* TableViewCell.swift in Sources */ = {isa = PBXBuildFile; fileRef = 433AAE3419E2AAB90084B67C /* TableViewCell.swift */; };
		43DE5AD419E2B53E00F5544D /* TableViewCell.xib in Resources */ = {isa = PBXBuildFile; fileRef = 433AAE3519E2AAB90084B67C /* TableViewCell.xib */; };
		43DE5ADB19E2B80F00F5544D /* TableViewController.swift in Sources */ = {isa = PBXBuildFile; fileRef = 433AAE3019E2AA720084B67C /* TableViewController.swift */; };
		43DE5ADC19E2B80F00F5544D /* TableViewCell.swift in Sources */ = {isa = PBXBuildFile; fileRef = 433AAE3419E2AAB90084B67C /* TableViewCell.swift */; };
		43DE5ADD19E2B80F00F5544D /* TableViewCell.xib in Resources */ = {isa = PBXBuildFile; fileRef = 433AAE3519E2AAB90084B67C /* TableViewCell.xib */; };
		43DE5ADE19E2CE4400F5544D /* TableViewController.swift in Sources */ = {isa = PBXBuildFile; fileRef = 433AAE3019E2AA720084B67C /* TableViewController.swift */; };
		43DE5ADF19E2CE4400F5544D /* TableViewCell.swift in Sources */ = {isa = PBXBuildFile; fileRef = 433AAE3419E2AAB90084B67C /* TableViewCell.swift */; };
		43DE5AE019E2CE4400F5544D /* TableViewCell.xib in Resources */ = {isa = PBXBuildFile; fileRef = 433AAE3519E2AAB90084B67C /* TableViewCell.xib */; };
		43EE931319DC0AC600BAA1F2 /* Model.xcdatamodeld in Sources */ = {isa = PBXBuildFile; fileRef = 43EE931119DC0AC600BAA1F2 /* Model.xcdatamodeld */; };
		43EE931419DC0B2800BAA1F2 /* Model.xcdatamodeld in Resources */ = {isa = PBXBuildFile; fileRef = 43EE931119DC0AC600BAA1F2 /* Model.xcdatamodeld */; };
/* End PBXBuildFile section */

/* Begin PBXContainerItemProxy section */
		431B97D819D413A30047B810 /* PBXContainerItemProxy */ = {
			isa = PBXContainerItemProxy;
			containerPortal = 431B97BA19D413A20047B810 /* Project object */;
			proxyType = 1;
			remoteGlobalIDString = 431B97C119D413A30047B810;
			remoteInfo = Emojicons;
		};
		431B97F119D4144E0047B810 /* PBXContainerItemProxy */ = {
			isa = PBXContainerItemProxy;
			containerPortal = 431B97BA19D413A20047B810 /* Project object */;
			proxyType = 1;
			remoteGlobalIDString = 431B97EA19D4144E0047B810;
			remoteInfo = "Emojicons-Keyboard";
		};
		431B97F419D4144E0047B810 /* PBXContainerItemProxy */ = {
			isa = PBXContainerItemProxy;
			containerPortal = 431B97BA19D413A20047B810 /* Project object */;
			proxyType = 1;
			remoteGlobalIDString = 431B97EA19D4144E0047B810;
			remoteInfo = "Emojicons-Keyboard";
		};
		4332167B19DDBAB600E3E9B9 /* PBXContainerItemProxy */ = {
			isa = PBXContainerItemProxy;
			containerPortal = 431B97BA19D413A20047B810 /* Project object */;
			proxyType = 1;
			remoteGlobalIDString = 431B97C119D413A30047B810;
			remoteInfo = Emojicons;
		};
		4332168219DDBAB600E3E9B9 /* PBXContainerItemProxy */ = {
			isa = PBXContainerItemProxy;
			containerPortal = 431B97BA19D413A20047B810 /* Project object */;
			proxyType = 1;
			remoteGlobalIDString = 4332166F19DDBAB600E3E9B9;
			remoteInfo = EmojiKit;
		};
		4332168619DDBAB600E3E9B9 /* PBXContainerItemProxy */ = {
			isa = PBXContainerItemProxy;
			containerPortal = 431B97BA19D413A20047B810 /* Project object */;
			proxyType = 1;
			remoteGlobalIDString = 4332166F19DDBAB600E3E9B9;
			remoteInfo = EmojiKit;
		};
/* End PBXContainerItemProxy section */

/* Begin PBXCopyFilesBuildPhase section */
		431B97F919D4144E0047B810 /* Embed App Extensions */ = {
			isa = PBXCopyFilesBuildPhase;
			buildActionMask = 2147483647;
			dstPath = "";
			dstSubfolderSpec = 13;
			files = (
				431B97F319D4144E0047B810 /* EmotiBoard-Keyboard.appex in Embed App Extensions */,
			);
			name = "Embed App Extensions";
			runOnlyForDeploymentPostprocessing = 0;
		};
		43EE933A19DD69D900BAA1F2 /* Embed Frameworks */ = {
			isa = PBXCopyFilesBuildPhase;
			buildActionMask = 2147483647;
			dstPath = "";
			dstSubfolderSpec = 10;
			files = (
				4332168519DDBAB600E3E9B9 /* EmojiKit.framework in Embed Frameworks */,
			);
			name = "Embed Frameworks";
			runOnlyForDeploymentPostprocessing = 0;
		};
/* End PBXCopyFilesBuildPhase section */

/* Begin PBXFileReference section */
		431B97C219D413A30047B810 /* EmotiBoard.app */ = {isa = PBXFileReference; explicitFileType = wrapper.application; includeInIndex = 0; path = EmotiBoard.app; sourceTree = BUILT_PRODUCTS_DIR; };
		431B97C619D413A30047B810 /* Info.plist */ = {isa = PBXFileReference; lastKnownFileType = text.plist.xml; path = Info.plist; sourceTree = "<group>"; };
		431B97C719D413A30047B810 /* AppDelegate.swift */ = {isa = PBXFileReference; lastKnownFileType = sourcecode.swift; path = AppDelegate.swift; sourceTree = "<group>"; };
		431B97C919D413A30047B810 /* ViewController.swift */ = {isa = PBXFileReference; lastKnownFileType = sourcecode.swift; path = ViewController.swift; sourceTree = "<group>"; };
		431B97CC19D413A30047B810 /* Base */ = {isa = PBXFileReference; lastKnownFileType = file.storyboard; name = Base; path = Base.lproj/Main.storyboard; sourceTree = "<group>"; };
		431B97CE19D413A30047B810 /* Images.xcassets */ = {isa = PBXFileReference; lastKnownFileType = folder.assetcatalog; path = Images.xcassets; sourceTree = "<group>"; };
		431B97D119D413A30047B810 /* Base */ = {isa = PBXFileReference; lastKnownFileType = file.xib; name = Base; path = Base.lproj/LaunchScreen.xib; sourceTree = "<group>"; };
		431B97D719D413A30047B810 /* EmotiBoardTests.xctest */ = {isa = PBXFileReference; explicitFileType = wrapper.cfbundle; includeInIndex = 0; path = EmotiBoardTests.xctest; sourceTree = BUILT_PRODUCTS_DIR; };
		431B97DC19D413A30047B810 /* Info.plist */ = {isa = PBXFileReference; lastKnownFileType = text.plist.xml; path = Info.plist; sourceTree = "<group>"; };
		431B97DD19D413A30047B810 /* EmojiconsTests.swift */ = {isa = PBXFileReference; lastKnownFileType = sourcecode.swift; path = EmojiconsTests.swift; sourceTree = "<group>"; };
		431B97EB19D4144E0047B810 /* EmotiBoard-Keyboard.appex */ = {isa = PBXFileReference; explicitFileType = "wrapper.app-extension"; includeInIndex = 0; path = "EmotiBoard-Keyboard.appex"; sourceTree = BUILT_PRODUCTS_DIR; };
		431B97EE19D4144E0047B810 /* Info.plist */ = {isa = PBXFileReference; lastKnownFileType = text.plist.xml; path = Info.plist; sourceTree = "<group>"; };
		431B97EF19D4144E0047B810 /* KeyboardViewController.swift */ = {isa = PBXFileReference; lastKnownFileType = sourcecode.swift; path = KeyboardViewController.swift; sourceTree = "<group>"; };
		431B97FA19D415AC0047B810 /* KeyboardView.xib */ = {isa = PBXFileReference; fileEncoding = 4; lastKnownFileType = file.xib; path = KeyboardView.xib; sourceTree = "<group>"; };
		431B980719D449250047B810 /* EmojiFlowLayout.swift */ = {isa = PBXFileReference; fileEncoding = 4; lastKnownFileType = sourcecode.swift; path = EmojiFlowLayout.swift; sourceTree = "<group>"; };
		431B981219D595460047B810 /* EmojiCollectionDataSource.swift */ = {isa = PBXFileReference; fileEncoding = 4; lastKnownFileType = sourcecode.swift; path = EmojiCollectionDataSource.swift; sourceTree = "<group>"; };
		431B981719D955EE0047B810 /* TitleView.swift */ = {isa = PBXFileReference; fileEncoding = 4; lastKnownFileType = sourcecode.swift; path = TitleView.swift; sourceTree = "<group>"; };
		4332167019DDBAB600E3E9B9 /* EmojiKit.framework */ = {isa = PBXFileReference; explicitFileType = wrapper.framework; includeInIndex = 0; path = EmojiKit.framework; sourceTree = BUILT_PRODUCTS_DIR; };
		4332167319DDBAB600E3E9B9 /* Info.plist */ = {isa = PBXFileReference; lastKnownFileType = text.plist.xml; path = Info.plist; sourceTree = "<group>"; };
		4332167A19DDBAB600E3E9B9 /* EmojiKitTests.xctest */ = {isa = PBXFileReference; explicitFileType = wrapper.cfbundle; includeInIndex = 0; path = EmojiKitTests.xctest; sourceTree = BUILT_PRODUCTS_DIR; };
		4332167F19DDBAB600E3E9B9 /* Info.plist */ = {isa = PBXFileReference; lastKnownFileType = text.plist.xml; path = Info.plist; sourceTree = "<group>"; };
		4332168019DDBAB600E3E9B9 /* EmojiKitTests.swift */ = {isa = PBXFileReference; lastKnownFileType = sourcecode.swift; path = EmojiKitTests.swift; sourceTree = "<group>"; };
		4332168E19DDBAE500E3E9B9 /* Kaomoji.swift */ = {isa = PBXFileReference; fileEncoding = 4; lastKnownFileType = sourcecode.swift; path = Kaomoji.swift; sourceTree = "<group>"; };
		433AAE2C19E2A6060084B67C /* TabBar.swift */ = {isa = PBXFileReference; fileEncoding = 4; lastKnownFileType = sourcecode.swift; path = TabBar.swift; sourceTree = "<group>"; };
		433AAE2D19E2A6060084B67C /* TabButton.swift */ = {isa = PBXFileReference; fileEncoding = 4; lastKnownFileType = sourcecode.swift; path = TabButton.swift; sourceTree = "<group>"; };
		433AAE3019E2AA720084B67C /* TableViewController.swift */ = {isa = PBXFileReference; fileEncoding = 4; lastKnownFileType = sourcecode.swift; name = TableViewController.swift; path = EmojiKit/TableViewController.swift; sourceTree = SOURCE_ROOT; };
		433AAE3419E2AAB90084B67C /* TableViewCell.swift */ = {isa = PBXFileReference; fileEncoding = 4; lastKnownFileType = sourcecode.swift; path = TableViewCell.swift; sourceTree = "<group>"; };
		433AAE3519E2AAB90084B67C /* TableViewCell.xib */ = {isa = PBXFileReference; fileEncoding = 4; lastKnownFileType = file.xib; path = TableViewCell.xib; sourceTree = "<group>"; };
		43418B7719DEA1CC00052633 /* KaomojiCoreDataManager.swift */ = {isa = PBXFileReference; fileEncoding = 4; lastKnownFileType = sourcecode.swift; path = KaomojiCoreDataManager.swift; sourceTree = "<group>"; };
		4376F98D19EFF548001CC1A7 /* EmojiCollectionViewCell.swift */ = {isa = PBXFileReference; fileEncoding = 4; lastKnownFileType = sourcecode.swift; path = EmojiCollectionViewCell.swift; sourceTree = "<group>"; };
		4376F98E19EFF548001CC1A7 /* EmojiCollectionViewCell.xib */ = {isa = PBXFileReference; fileEncoding = 4; lastKnownFileType = file.xib; path = EmojiCollectionViewCell.xib; sourceTree = "<group>"; };
		438C11FF19EE9AF500B8A2FF /* allKao.json */ = {isa = PBXFileReference; fileEncoding = 4; lastKnownFileType = text.json; path = allKao.json; sourceTree = "<group>"; };
		43EE931019DC09E200BAA1F2 /* Emojicons.entitlements */ = {isa = PBXFileReference; lastKnownFileType = text.xml; path = Emojicons.entitlements; sourceTree = "<group>"; };
		43EE931219DC0AC600BAA1F2 /* Model.xcdatamodel */ = {isa = PBXFileReference; lastKnownFileType = wrapper.xcdatamodel; name = Model.xcdatamodel; path = Emojicons/Model.xcdatamodeld/Model.xcdatamodel; sourceTree = SOURCE_ROOT; };
		43EE931819DC2BC000BAA1F2 /* Emojicons-Keyboard.entitlements */ = {isa = PBXFileReference; lastKnownFileType = text.xml; path = "Emojicons-Keyboard.entitlements"; sourceTree = "<group>"; };
/* End PBXFileReference section */

/* Begin PBXFrameworksBuildPhase section */
		431B97BF19D413A30047B810 /* Frameworks */ = {
			isa = PBXFrameworksBuildPhase;
			buildActionMask = 2147483647;
			files = (
				4332168419DDBAB600E3E9B9 /* EmojiKit.framework in Frameworks */,
			);
			runOnlyForDeploymentPostprocessing = 0;
		};
		431B97D419D413A30047B810 /* Frameworks */ = {
			isa = PBXFrameworksBuildPhase;
			buildActionMask = 2147483647;
			files = (
			);
			runOnlyForDeploymentPostprocessing = 0;
		};
		431B97E819D4144E0047B810 /* Frameworks */ = {
			isa = PBXFrameworksBuildPhase;
			buildActionMask = 2147483647;
			files = (
				4332169019DDBAFF00E3E9B9 /* EmojiKit.framework in Frameworks */,
			);
			runOnlyForDeploymentPostprocessing = 0;
		};
		4332166C19DDBAB600E3E9B9 /* Frameworks */ = {
			isa = PBXFrameworksBuildPhase;
			buildActionMask = 2147483647;
			files = (
			);
			runOnlyForDeploymentPostprocessing = 0;
		};
		4332167719DDBAB600E3E9B9 /* Frameworks */ = {
			isa = PBXFrameworksBuildPhase;
			buildActionMask = 2147483647;
			files = (
			);
			runOnlyForDeploymentPostprocessing = 0;
		};
/* End PBXFrameworksBuildPhase section */

/* Begin PBXGroup section */
		431B97B919D413A20047B810 = {
			isa = PBXGroup;
			children = (
				431B97C419D413A30047B810 /* Emojicons */,
				431B97DA19D413A30047B810 /* EmojiconsTests */,
				431B97EC19D4144E0047B810 /* Emojicons-Keyboard */,
				4332167119DDBAB600E3E9B9 /* EmojiKit */,
				4332167D19DDBAB600E3E9B9 /* EmojiKitTests */,
				431B97C319D413A30047B810 /* Products */,
			);
			sourceTree = "<group>";
		};
		431B97C319D413A30047B810 /* Products */ = {
			isa = PBXGroup;
			children = (
				431B97C219D413A30047B810 /* EmotiBoard.app */,
				431B97D719D413A30047B810 /* EmotiBoardTests.xctest */,
				431B97EB19D4144E0047B810 /* EmotiBoard-Keyboard.appex */,
				4332167019DDBAB600E3E9B9 /* EmojiKit.framework */,
				4332167A19DDBAB600E3E9B9 /* EmojiKitTests.xctest */,
			);
			name = Products;
			sourceTree = "<group>";
		};
		431B97C419D413A30047B810 /* Emojicons */ = {
			isa = PBXGroup;
			children = (
				43EE931019DC09E200BAA1F2 /* Emojicons.entitlements */,
				431B97C719D413A30047B810 /* AppDelegate.swift */,
				431B97C919D413A30047B810 /* ViewController.swift */,
				43EE931119DC0AC600BAA1F2 /* Model.xcdatamodeld */,
				431B97CB19D413A30047B810 /* Main.storyboard */,
				431B97CE19D413A30047B810 /* Images.xcassets */,
				431B97D019D413A30047B810 /* LaunchScreen.xib */,
				431B97C519D413A30047B810 /* Supporting Files */,
			);
			path = Emojicons;
			sourceTree = "<group>";
		};
		431B97C519D413A30047B810 /* Supporting Files */ = {
			isa = PBXGroup;
			children = (
				431B97C619D413A30047B810 /* Info.plist */,
			);
			name = "Supporting Files";
			sourceTree = "<group>";
		};
		431B97DA19D413A30047B810 /* EmojiconsTests */ = {
			isa = PBXGroup;
			children = (
				431B97DD19D413A30047B810 /* EmojiconsTests.swift */,
				431B97DB19D413A30047B810 /* Supporting Files */,
			);
			path = EmojiconsTests;
			sourceTree = "<group>";
		};
		431B97DB19D413A30047B810 /* Supporting Files */ = {
			isa = PBXGroup;
			children = (
				431B97DC19D413A30047B810 /* Info.plist */,
			);
			name = "Supporting Files";
			sourceTree = "<group>";
		};
		431B97EC19D4144E0047B810 /* Emojicons-Keyboard */ = {
			isa = PBXGroup;
			children = (
				433AAE2C19E2A6060084B67C /* TabBar.swift */,
				433AAE2D19E2A6060084B67C /* TabButton.swift */,
				43EE931819DC2BC000BAA1F2 /* Emojicons-Keyboard.entitlements */,
				431B97EF19D4144E0047B810 /* KeyboardViewController.swift */,
				431B981219D595460047B810 /* EmojiCollectionDataSource.swift */,
				431B97FA19D415AC0047B810 /* KeyboardView.xib */,
				431B980719D449250047B810 /* EmojiFlowLayout.swift */,
				4376F98D19EFF548001CC1A7 /* EmojiCollectionViewCell.swift */,
				4376F98E19EFF548001CC1A7 /* EmojiCollectionViewCell.xib */,
				431B981719D955EE0047B810 /* TitleView.swift */,
				431B97ED19D4144E0047B810 /* Supporting Files */,
			);
			path = "Emojicons-Keyboard";
			sourceTree = "<group>";
		};
		431B97ED19D4144E0047B810 /* Supporting Files */ = {
			isa = PBXGroup;
			children = (
				431B97EE19D4144E0047B810 /* Info.plist */,
			);
			name = "Supporting Files";
			sourceTree = "<group>";
		};
		4332167119DDBAB600E3E9B9 /* EmojiKit */ = {
			isa = PBXGroup;
			children = (
				438C11FF19EE9AF500B8A2FF /* allKao.json */,
				433AAE3019E2AA720084B67C /* TableViewController.swift */,
				433AAE3419E2AAB90084B67C /* TableViewCell.swift */,
				433AAE3519E2AAB90084B67C /* TableViewCell.xib */,
				4332168E19DDBAE500E3E9B9 /* Kaomoji.swift */,
				43418B7719DEA1CC00052633 /* KaomojiCoreDataManager.swift */,
				4332167219DDBAB600E3E9B9 /* Supporting Files */,
			);
			path = EmojiKit;
			sourceTree = "<group>";
		};
		4332167219DDBAB600E3E9B9 /* Supporting Files */ = {
			isa = PBXGroup;
			children = (
				4332167319DDBAB600E3E9B9 /* Info.plist */,
			);
			name = "Supporting Files";
			sourceTree = "<group>";
		};
		4332167D19DDBAB600E3E9B9 /* EmojiKitTests */ = {
			isa = PBXGroup;
			children = (
				4332168019DDBAB600E3E9B9 /* EmojiKitTests.swift */,
				4332167E19DDBAB600E3E9B9 /* Supporting Files */,
			);
			path = EmojiKitTests;
			sourceTree = "<group>";
		};
		4332167E19DDBAB600E3E9B9 /* Supporting Files */ = {
			isa = PBXGroup;
			children = (
				4332167F19DDBAB600E3E9B9 /* Info.plist */,
			);
			name = "Supporting Files";
			sourceTree = "<group>";
		};
/* End PBXGroup section */

/* Begin PBXHeadersBuildPhase section */
		4332166D19DDBAB600E3E9B9 /* Headers */ = {
			isa = PBXHeadersBuildPhase;
			buildActionMask = 2147483647;
			files = (
			);
			runOnlyForDeploymentPostprocessing = 0;
		};
/* End PBXHeadersBuildPhase section */

/* Begin PBXNativeTarget section */
		431B97C119D413A30047B810 /* EmotiBoard */ = {
			isa = PBXNativeTarget;
			buildConfigurationList = 431B97E119D413A30047B810 /* Build configuration list for PBXNativeTarget "EmotiBoard" */;
			buildPhases = (
				431B97BE19D413A30047B810 /* Sources */,
				431B97BF19D413A30047B810 /* Frameworks */,
				431B97C019D413A30047B810 /* Resources */,
				431B97F919D4144E0047B810 /* Embed App Extensions */,
				43EE933A19DD69D900BAA1F2 /* Embed Frameworks */,
			);
			buildRules = (
			);
			dependencies = (
				431B97F219D4144E0047B810 /* PBXTargetDependency */,
				431B97F519D4144E0047B810 /* PBXTargetDependency */,
				4332168319DDBAB600E3E9B9 /* PBXTargetDependency */,
				4332168719DDBAB600E3E9B9 /* PBXTargetDependency */,
			);
			name = EmotiBoard;
			productName = Emojicons;
			productReference = 431B97C219D413A30047B810 /* EmotiBoard.app */;
			productType = "com.apple.product-type.application";
		};
		431B97D619D413A30047B810 /* EmotiBoardTests */ = {
			isa = PBXNativeTarget;
			buildConfigurationList = 431B97E419D413A30047B810 /* Build configuration list for PBXNativeTarget "EmotiBoardTests" */;
			buildPhases = (
				431B97D319D413A30047B810 /* Sources */,
				431B97D419D413A30047B810 /* Frameworks */,
				431B97D519D413A30047B810 /* Resources */,
			);
			buildRules = (
			);
			dependencies = (
				431B97D919D413A30047B810 /* PBXTargetDependency */,
			);
			name = EmotiBoardTests;
			productName = EmojiconsTests;
			productReference = 431B97D719D413A30047B810 /* EmotiBoardTests.xctest */;
			productType = "com.apple.product-type.bundle.unit-test";
		};
		431B97EA19D4144E0047B810 /* EmotiBoard-Keyboard */ = {
			isa = PBXNativeTarget;
			buildConfigurationList = 431B97F619D4144E0047B810 /* Build configuration list for PBXNativeTarget "EmotiBoard-Keyboard" */;
			buildPhases = (
				431B97E719D4144E0047B810 /* Sources */,
				431B97E819D4144E0047B810 /* Frameworks */,
				431B97E919D4144E0047B810 /* Resources */,
			);
			buildRules = (
			);
			dependencies = (
			);
			name = "EmotiBoard-Keyboard";
			productName = "Emojicons-Keyboard";
			productReference = 431B97EB19D4144E0047B810 /* EmotiBoard-Keyboard.appex */;
			productType = "com.apple.product-type.app-extension";
		};
		4332166F19DDBAB600E3E9B9 /* EmojiKit */ = {
			isa = PBXNativeTarget;
			buildConfigurationList = 4332168C19DDBAB600E3E9B9 /* Build configuration list for PBXNativeTarget "EmojiKit" */;
			buildPhases = (
				4332166B19DDBAB600E3E9B9 /* Sources */,
				4332166C19DDBAB600E3E9B9 /* Frameworks */,
				4332166D19DDBAB600E3E9B9 /* Headers */,
				4332166E19DDBAB600E3E9B9 /* Resources */,
			);
			buildRules = (
			);
			dependencies = (
			);
			name = EmojiKit;
			productName = EmojiKit;
			productReference = 4332167019DDBAB600E3E9B9 /* EmojiKit.framework */;
			productType = "com.apple.product-type.framework";
		};
		4332167919DDBAB600E3E9B9 /* EmojiKitTests */ = {
			isa = PBXNativeTarget;
			buildConfigurationList = 4332168D19DDBAB600E3E9B9 /* Build configuration list for PBXNativeTarget "EmojiKitTests" */;
			buildPhases = (
				4332167619DDBAB600E3E9B9 /* Sources */,
				4332167719DDBAB600E3E9B9 /* Frameworks */,
				4332167819DDBAB600E3E9B9 /* Resources */,
			);
			buildRules = (
			);
			dependencies = (
				4332167C19DDBAB600E3E9B9 /* PBXTargetDependency */,
			);
			name = EmojiKitTests;
			productName = EmojiKitTests;
			productReference = 4332167A19DDBAB600E3E9B9 /* EmojiKitTests.xctest */;
			productType = "com.apple.product-type.bundle.unit-test";
		};
/* End PBXNativeTarget section */

/* Begin PBXProject section */
		431B97BA19D413A20047B810 /* Project object */ = {
			isa = PBXProject;
			attributes = {
				LastUpgradeCheck = 0600;
				ORGANIZATIONNAME = "Andrew K.";
				TargetAttributes = {
					431B97C119D413A30047B810 = {
						CreatedOnToolsVersion = 6.0;
						DevelopmentTeam = S55BP53VB8;
						SystemCapabilities = {
							com.apple.ApplicationGroups.iOS = {
								enabled = 1;
							};
						};
					};
					431B97D619D413A30047B810 = {
						CreatedOnToolsVersion = 6.0;
						TestTargetID = 431B97C119D413A30047B810;
					};
					431B97EA19D4144E0047B810 = {
						CreatedOnToolsVersion = 6.0;
						DevelopmentTeam = S55BP53VB8;
						SystemCapabilities = {
							com.apple.ApplicationGroups.iOS = {
								enabled = 1;
							};
						};
					};
					4332166F19DDBAB600E3E9B9 = {
						CreatedOnToolsVersion = 6.0;
						DevelopmentTeam = S55BP53VB8;
					};
					4332167919DDBAB600E3E9B9 = {
						CreatedOnToolsVersion = 6.0;
						TestTargetID = 431B97C119D413A30047B810;
					};
				};
			};
			buildConfigurationList = 431B97BD19D413A30047B810 /* Build configuration list for PBXProject "EmotiBoard" */;
			compatibilityVersion = "Xcode 3.2";
			developmentRegion = English;
			hasScannedForEncodings = 0;
			knownRegions = (
				en,
				Base,
			);
			mainGroup = 431B97B919D413A20047B810;
			productRefGroup = 431B97C319D413A30047B810 /* Products */;
			projectDirPath = "";
			projectRoot = "";
			targets = (
				431B97C119D413A30047B810 /* EmotiBoard */,
				431B97D619D413A30047B810 /* EmotiBoardTests */,
				431B97EA19D4144E0047B810 /* EmotiBoard-Keyboard */,
				4332166F19DDBAB600E3E9B9 /* EmojiKit */,
				4332167919DDBAB600E3E9B9 /* EmojiKitTests */,
			);
		};
/* End PBXProject section */

/* Begin PBXResourcesBuildPhase section */
		431B97C019D413A30047B810 /* Resources */ = {
			isa = PBXResourcesBuildPhase;
			buildActionMask = 2147483647;
			files = (
				431B97CD19D413A30047B810 /* Main.storyboard in Resources */,
				438C120019EE9AF500B8A2FF /* allKao.json in Resources */,
				43DE5ADD19E2B80F00F5544D /* TableViewCell.xib in Resources */,
				431B97D219D413A30047B810 /* LaunchScreen.xib in Resources */,
				431B97CF19D413A30047B810 /* Images.xcassets in Resources */,
			);
			runOnlyForDeploymentPostprocessing = 0;
		};
		431B97D519D413A30047B810 /* Resources */ = {
			isa = PBXResourcesBuildPhase;
			buildActionMask = 2147483647;
			files = (
			);
			runOnlyForDeploymentPostprocessing = 0;
		};
		431B97E919D4144E0047B810 /* Resources */ = {
			isa = PBXResourcesBuildPhase;
			buildActionMask = 2147483647;
			files = (
				43EE931419DC0B2800BAA1F2 /* Model.xcdatamodeld in Resources */,
				438C120119EE9AF500B8A2FF /* allKao.json in Resources */,
				43DE5AE019E2CE4400F5544D /* TableViewCell.xib in Resources */,
				4376F99019EFF548001CC1A7 /* EmojiCollectionViewCell.xib in Resources */,
				433AAE2719E187AF0084B67C /* Images.xcassets in Resources */,
				431B97FB19D415AC0047B810 /* KeyboardView.xib in Resources */,
			);
			runOnlyForDeploymentPostprocessing = 0;
		};
		4332166E19DDBAB600E3E9B9 /* Resources */ = {
			isa = PBXResourcesBuildPhase;
			buildActionMask = 2147483647;
			files = (
				43DE5AD419E2B53E00F5544D /* TableViewCell.xib in Resources */,
				438C120219EE9AF500B8A2FF /* allKao.json in Resources */,
			);
			runOnlyForDeploymentPostprocessing = 0;
		};
		4332167819DDBAB600E3E9B9 /* Resources */ = {
			isa = PBXResourcesBuildPhase;
			buildActionMask = 2147483647;
			files = (
			);
			runOnlyForDeploymentPostprocessing = 0;
		};
/* End PBXResourcesBuildPhase section */

/* Begin PBXSourcesBuildPhase section */
		431B97BE19D413A30047B810 /* Sources */ = {
			isa = PBXSourcesBuildPhase;
			buildActionMask = 2147483647;
			files = (
				43DE5ADC19E2B80F00F5544D /* TableViewCell.swift in Sources */,
				431B97CA19D413A30047B810 /* ViewController.swift in Sources */,
				431B97C819D413A30047B810 /* AppDelegate.swift in Sources */,
				43EE931319DC0AC600BAA1F2 /* Model.xcdatamodeld in Sources */,
				43DE5ADB19E2B80F00F5544D /* TableViewController.swift in Sources */,
			);
			runOnlyForDeploymentPostprocessing = 0;
		};
		431B97D319D413A30047B810 /* Sources */ = {
			isa = PBXSourcesBuildPhase;
			buildActionMask = 2147483647;
			files = (
				431B97DE19D413A30047B810 /* EmojiconsTests.swift in Sources */,
			);
			runOnlyForDeploymentPostprocessing = 0;
		};
		431B97E719D4144E0047B810 /* Sources */ = {
			isa = PBXSourcesBuildPhase;
			buildActionMask = 2147483647;
			files = (
				431B981319D595460047B810 /* EmojiCollectionDataSource.swift in Sources */,
				431B980819D449260047B810 /* EmojiFlowLayout.swift in Sources */,
				43DE5ADF19E2CE4400F5544D /* TableViewCell.swift in Sources */,
				43DE5ADE19E2CE4400F5544D /* TableViewController.swift in Sources */,
				433AAE2E19E2A6060084B67C /* TabBar.swift in Sources */,
				431B97F019D4144E0047B810 /* KeyboardViewController.swift in Sources */,
				4376F98F19EFF548001CC1A7 /* EmojiCollectionViewCell.swift in Sources */,
				431B981819D955EE0047B810 /* TitleView.swift in Sources */,
				433AAE2F19E2A6060084B67C /* TabButton.swift in Sources */,
			);
			runOnlyForDeploymentPostprocessing = 0;
		};
		4332166B19DDBAB600E3E9B9 /* Sources */ = {
			isa = PBXSourcesBuildPhase;
			buildActionMask = 2147483647;
			files = (
				4332168F19DDBAE500E3E9B9 /* Kaomoji.swift in Sources */,
				43DE5AD219E2B53E00F5544D /* TableViewCell.swift in Sources */,
				43DE5AD119E2B53E00F5544D /* TableViewController.swift in Sources */,
				43418B7819DEA1CC00052633 /* KaomojiCoreDataManager.swift in Sources */,
			);
			runOnlyForDeploymentPostprocessing = 0;
		};
		4332167619DDBAB600E3E9B9 /* Sources */ = {
			isa = PBXSourcesBuildPhase;
			buildActionMask = 2147483647;
			files = (
				4332168119DDBAB600E3E9B9 /* EmojiKitTests.swift in Sources */,
			);
			runOnlyForDeploymentPostprocessing = 0;
		};
/* End PBXSourcesBuildPhase section */

/* Begin PBXTargetDependency section */
		431B97D919D413A30047B810 /* PBXTargetDependency */ = {
			isa = PBXTargetDependency;
			target = 431B97C119D413A30047B810 /* EmotiBoard */;
			targetProxy = 431B97D819D413A30047B810 /* PBXContainerItemProxy */;
		};
		431B97F219D4144E0047B810 /* PBXTargetDependency */ = {
			isa = PBXTargetDependency;
			target = 431B97EA19D4144E0047B810 /* EmotiBoard-Keyboard */;
			targetProxy = 431B97F119D4144E0047B810 /* PBXContainerItemProxy */;
		};
		431B97F519D4144E0047B810 /* PBXTargetDependency */ = {
			isa = PBXTargetDependency;
			target = 431B97EA19D4144E0047B810 /* EmotiBoard-Keyboard */;
			targetProxy = 431B97F419D4144E0047B810 /* PBXContainerItemProxy */;
		};
		4332167C19DDBAB600E3E9B9 /* PBXTargetDependency */ = {
			isa = PBXTargetDependency;
			target = 431B97C119D413A30047B810 /* EmotiBoard */;
			targetProxy = 4332167B19DDBAB600E3E9B9 /* PBXContainerItemProxy */;
		};
		4332168319DDBAB600E3E9B9 /* PBXTargetDependency */ = {
			isa = PBXTargetDependency;
			target = 4332166F19DDBAB600E3E9B9 /* EmojiKit */;
			targetProxy = 4332168219DDBAB600E3E9B9 /* PBXContainerItemProxy */;
		};
		4332168719DDBAB600E3E9B9 /* PBXTargetDependency */ = {
			isa = PBXTargetDependency;
			target = 4332166F19DDBAB600E3E9B9 /* EmojiKit */;
			targetProxy = 4332168619DDBAB600E3E9B9 /* PBXContainerItemProxy */;
		};
/* End PBXTargetDependency section */

/* Begin PBXVariantGroup section */
		431B97CB19D413A30047B810 /* Main.storyboard */ = {
			isa = PBXVariantGroup;
			children = (
				431B97CC19D413A30047B810 /* Base */,
			);
			name = Main.storyboard;
			sourceTree = "<group>";
		};
		431B97D019D413A30047B810 /* LaunchScreen.xib */ = {
			isa = PBXVariantGroup;
			children = (
				431B97D119D413A30047B810 /* Base */,
			);
			name = LaunchScreen.xib;
			sourceTree = "<group>";
		};
/* End PBXVariantGroup section */

/* Begin XCBuildConfiguration section */
		431B97DF19D413A30047B810 /* Debug */ = {
			isa = XCBuildConfiguration;
			buildSettings = {
				ALWAYS_SEARCH_USER_PATHS = NO;
				APPLICATION_EXTENSION_API_ONLY = YES;
				CLANG_CXX_LANGUAGE_STANDARD = "gnu++0x";
				CLANG_CXX_LIBRARY = "libc++";
				CLANG_ENABLE_MODULES = YES;
				CLANG_ENABLE_OBJC_ARC = YES;
				CLANG_WARN_BOOL_CONVERSION = YES;
				CLANG_WARN_CONSTANT_CONVERSION = YES;
				CLANG_WARN_DIRECT_OBJC_ISA_USAGE = YES_ERROR;
				CLANG_WARN_EMPTY_BODY = YES;
				CLANG_WARN_ENUM_CONVERSION = YES;
				CLANG_WARN_INT_CONVERSION = YES;
				CLANG_WARN_OBJC_ROOT_CLASS = YES_ERROR;
				CLANG_WARN_UNREACHABLE_CODE = YES;
				CLANG_WARN__DUPLICATE_METHOD_MATCH = YES;
				"CODE_SIGN_IDENTITY[sdk=iphoneos*]" = "iPhone Developer";
				COPY_PHASE_STRIP = NO;
				ENABLE_STRICT_OBJC_MSGSEND = YES;
				GCC_C_LANGUAGE_STANDARD = gnu99;
				GCC_DYNAMIC_NO_PIC = NO;
				GCC_OPTIMIZATION_LEVEL = 0;
				GCC_PREPROCESSOR_DEFINITIONS = (
					"DEBUG=1",
					"$(inherited)",
				);
				GCC_SYMBOLS_PRIVATE_EXTERN = NO;
				GCC_WARN_64_TO_32_BIT_CONVERSION = YES;
				GCC_WARN_ABOUT_RETURN_TYPE = YES_ERROR;
				GCC_WARN_UNDECLARED_SELECTOR = YES;
				GCC_WARN_UNINITIALIZED_AUTOS = YES_AGGRESSIVE;
				GCC_WARN_UNUSED_FUNCTION = YES;
				GCC_WARN_UNUSED_VARIABLE = YES;
				IPHONEOS_DEPLOYMENT_TARGET = 8.0;
				MTL_ENABLE_DEBUG_INFO = YES;
				ONLY_ACTIVE_ARCH = NO;
				SDKROOT = iphoneos;
				SWIFT_OPTIMIZATION_LEVEL = "-Onone";
				TARGETED_DEVICE_FAMILY = "1,2";
			};
			name = Debug;
		};
		431B97E019D413A30047B810 /* Release */ = {
			isa = XCBuildConfiguration;
			buildSettings = {
				ALWAYS_SEARCH_USER_PATHS = NO;
				APPLICATION_EXTENSION_API_ONLY = YES;
				CLANG_CXX_LANGUAGE_STANDARD = "gnu++0x";
				CLANG_CXX_LIBRARY = "libc++";
				CLANG_ENABLE_MODULES = YES;
				CLANG_ENABLE_OBJC_ARC = YES;
				CLANG_WARN_BOOL_CONVERSION = YES;
				CLANG_WARN_CONSTANT_CONVERSION = YES;
				CLANG_WARN_DIRECT_OBJC_ISA_USAGE = YES_ERROR;
				CLANG_WARN_EMPTY_BODY = YES;
				CLANG_WARN_ENUM_CONVERSION = YES;
				CLANG_WARN_INT_CONVERSION = YES;
				CLANG_WARN_OBJC_ROOT_CLASS = YES_ERROR;
				CLANG_WARN_UNREACHABLE_CODE = YES;
				CLANG_WARN__DUPLICATE_METHOD_MATCH = YES;
				CODE_SIGN_IDENTITY = "iPhone Distribution: Andrij KHarchishin (S55BP53VB8)";
				"CODE_SIGN_IDENTITY[sdk=iphoneos*]" = "iPhone Distribution: Andrij KHarchishin (S55BP53VB8)";
				COPY_PHASE_STRIP = YES;
				ENABLE_NS_ASSERTIONS = NO;
				ENABLE_STRICT_OBJC_MSGSEND = YES;
				GCC_C_LANGUAGE_STANDARD = gnu99;
				GCC_WARN_64_TO_32_BIT_CONVERSION = YES;
				GCC_WARN_ABOUT_RETURN_TYPE = YES_ERROR;
				GCC_WARN_UNDECLARED_SELECTOR = YES;
				GCC_WARN_UNINITIALIZED_AUTOS = YES_AGGRESSIVE;
				GCC_WARN_UNUSED_FUNCTION = YES;
				GCC_WARN_UNUSED_VARIABLE = YES;
				IPHONEOS_DEPLOYMENT_TARGET = 8.0;
				MTL_ENABLE_DEBUG_INFO = NO;
				ONLY_ACTIVE_ARCH = NO;
				SDKROOT = iphoneos;
				TARGETED_DEVICE_FAMILY = "1,2";
				VALIDATE_PRODUCT = YES;
			};
			name = Release;
		};
		431B97E219D413A30047B810 /* Debug */ = {
			isa = XCBuildConfiguration;
			buildSettings = {
				APPLICATION_EXTENSION_API_ONLY = YES;
				ASSETCATALOG_COMPILER_APPICON_NAME = AppIcon;
				CLANG_ENABLE_MODULES = YES;
				CODE_SIGN_ENTITLEMENTS = Emojicons/Emojicons.entitlements;
				CODE_SIGN_IDENTITY = "iPhone Developer";
				"CODE_SIGN_IDENTITY[sdk=iphoneos*]" = "iPhone Developer";
				INFOPLIST_FILE = Emojicons/Info.plist;
				LD_RUNPATH_SEARCH_PATHS = "$(inherited) @executable_path/Frameworks";
				ONLY_ACTIVE_ARCH = NO;
				PRODUCT_NAME = EmotiBoard;
				PROVISIONING_PROFILE = "";
				SWIFT_INSTALL_OBJC_HEADER = NO;
				SWIFT_OBJC_BRIDGING_HEADER = "";
				SWIFT_OPTIMIZATION_LEVEL = "-Onone";
				TARGETED_DEVICE_FAMILY = "1,2";
			};
			name = Debug;
		};
		431B97E319D413A30047B810 /* Release */ = {
			isa = XCBuildConfiguration;
			buildSettings = {
				APPLICATION_EXTENSION_API_ONLY = YES;
				ASSETCATALOG_COMPILER_APPICON_NAME = AppIcon;
				CLANG_ENABLE_MODULES = YES;
				CODE_SIGN_ENTITLEMENTS = Emojicons/Emojicons.entitlements;
				CODE_SIGN_IDENTITY = "iPhone Developer";
				"CODE_SIGN_IDENTITY[sdk=iphoneos*]" = "iPhone Developer";
				INFOPLIST_FILE = Emojicons/Info.plist;
				LD_RUNPATH_SEARCH_PATHS = "$(inherited) @executable_path/Frameworks";
				ONLY_ACTIVE_ARCH = NO;
				PRODUCT_NAME = EmotiBoard;
				PROVISIONING_PROFILE = "";
				SWIFT_INSTALL_OBJC_HEADER = NO;
				SWIFT_OBJC_BRIDGING_HEADER = "";
				SWIFT_OPTIMIZATION_LEVEL = "-O";
				TARGETED_DEVICE_FAMILY = "1,2";
			};
			name = Release;
		};
		431B97E519D413A30047B810 /* Debug */ = {
			isa = XCBuildConfiguration;
			buildSettings = {
				BUNDLE_LOADER = "$(TEST_HOST)";
				FRAMEWORK_SEARCH_PATHS = (
					"$(SDKROOT)/Developer/Library/Frameworks",
					"$(inherited)",
				);
				GCC_PREPROCESSOR_DEFINITIONS = (
					"DEBUG=1",
					"$(inherited)",
				);
				INFOPLIST_FILE = EmojiconsTests/Info.plist;
				LD_RUNPATH_SEARCH_PATHS = "$(inherited) @executable_path/Frameworks @loader_path/Frameworks";
				PRODUCT_NAME = EmotiBoardTests;
				TEST_HOST = "$(BUILT_PRODUCTS_DIR)/Emojicons.app/Emojicons";
			};
			name = Debug;
		};
		431B97E619D413A30047B810 /* Release */ = {
			isa = XCBuildConfiguration;
			buildSettings = {
				BUNDLE_LOADER = "$(TEST_HOST)";
				FRAMEWORK_SEARCH_PATHS = (
					"$(SDKROOT)/Developer/Library/Frameworks",
					"$(inherited)",
				);
				INFOPLIST_FILE = EmojiconsTests/Info.plist;
				LD_RUNPATH_SEARCH_PATHS = "$(inherited) @executable_path/Frameworks @loader_path/Frameworks";
				PRODUCT_NAME = EmotiBoardTests;
				TEST_HOST = "$(BUILT_PRODUCTS_DIR)/Emojicons.app/Emojicons";
			};
			name = Release;
		};
		431B97F719D4144E0047B810 /* Debug */ = {
			isa = XCBuildConfiguration;
			buildSettings = {
				CODE_SIGN_ENTITLEMENTS = "Emojicons-Keyboard/Emojicons-Keyboard.entitlements";
				CODE_SIGN_IDENTITY = "iPhone Developer";
				"CODE_SIGN_IDENTITY[sdk=iphoneos*]" = "iPhone Developer";
				GCC_PREPROCESSOR_DEFINITIONS = (
					"DEBUG=1",
					"$(inherited)",
				);
				INFOPLIST_FILE = "Emojicons-Keyboard/Info.plist";
				LD_RUNPATH_SEARCH_PATHS = "$(inherited) @executable_path/Frameworks @executable_path/../../Frameworks";
				ONLY_ACTIVE_ARCH = NO;
				PRODUCT_NAME = "EmotiBoard-Keyboard";
				PROVISIONING_PROFILE = "";
				SKIP_INSTALL = YES;
				STRIP_STYLE = "non-global";
			};
			name = Debug;
		};
		431B97F819D4144E0047B810 /* Release */ = {
			isa = XCBuildConfiguration;
			buildSettings = {
				CODE_SIGN_ENTITLEMENTS = "Emojicons-Keyboard/Emojicons-Keyboard.entitlements";
				CODE_SIGN_IDENTITY = "iPhone Developer";
				"CODE_SIGN_IDENTITY[sdk=iphoneos*]" = "iPhone Developer";
				COPY_PHASE_STRIP = NO;
				INFOPLIST_FILE = "Emojicons-Keyboard/Info.plist";
				LD_RUNPATH_SEARCH_PATHS = "$(inherited) @executable_path/Frameworks @executable_path/../../Frameworks";
				ONLY_ACTIVE_ARCH = NO;
				PRODUCT_NAME = "EmotiBoard-Keyboard";
				PROVISIONING_PROFILE = "";
				SKIP_INSTALL = YES;
				STRIP_STYLE = "non-global";
			};
			name = Release;
		};
		4332168819DDBAB600E3E9B9 /* Debug */ = {
			isa = XCBuildConfiguration;
			buildSettings = {
				ARCHS = "$(ARCHS_STANDARD)";
				CODE_SIGN_IDENTITY = "iPhone Developer";
				"CODE_SIGN_IDENTITY[sdk=iphoneos*]" = "iPhone Developer";
				CURRENT_PROJECT_VERSION = 1;
				DEFINES_MODULE = YES;
				DYLIB_COMPATIBILITY_VERSION = 1;
				DYLIB_CURRENT_VERSION = 1;
				DYLIB_INSTALL_NAME_BASE = "@rpath";
				GCC_PREPROCESSOR_DEFINITIONS = (
					"DEBUG=1",
					"$(inherited)",
				);
				INFOPLIST_FILE = EmojiKit/Info.plist;
				INSTALL_PATH = "$(LOCAL_LIBRARY_DIR)/Frameworks";
				LD_RUNPATH_SEARCH_PATHS = "$(inherited) @executable_path/Frameworks @loader_path/Frameworks";
				PRODUCT_NAME = "$(TARGET_NAME)";
				SKIP_INSTALL = YES;
				STRIP_STYLE = debugging;
				VERSIONING_SYSTEM = "apple-generic";
				VERSION_INFO_PREFIX = "";
			};
			name = Debug;
		};
		4332168919DDBAB600E3E9B9 /* Release */ = {
			isa = XCBuildConfiguration;
			buildSettings = {
				ARCHS = "$(ARCHS_STANDARD)";
				CODE_SIGN_IDENTITY = "iPhone Distribution: Andrij KHarchishin (S55BP53VB8)";
				"CODE_SIGN_IDENTITY[sdk=iphoneos*]" = "iPhone Distribution: Andrij KHarchishin (S55BP53VB8)";
				COPY_PHASE_STRIP = NO;
				CURRENT_PROJECT_VERSION = 1;
				DEFINES_MODULE = YES;
				DYLIB_COMPATIBILITY_VERSION = 1;
				DYLIB_CURRENT_VERSION = 1;
				DYLIB_INSTALL_NAME_BASE = "@rpath";
				INFOPLIST_FILE = EmojiKit/Info.plist;
				INSTALL_PATH = "$(LOCAL_LIBRARY_DIR)/Frameworks";
				LD_RUNPATH_SEARCH_PATHS = "$(inherited) @executable_path/Frameworks @loader_path/Frameworks";
				PRODUCT_NAME = "$(TARGET_NAME)";
				SKIP_INSTALL = YES;
				STRIP_STYLE = debugging;
				VERSIONING_SYSTEM = "apple-generic";
				VERSION_INFO_PREFIX = "";
			};
			name = Release;
		};
		4332168A19DDBAB600E3E9B9 /* Debug */ = {
			isa = XCBuildConfiguration;
			buildSettings = {
				FRAMEWORK_SEARCH_PATHS = (
					"$(SDKROOT)/Developer/Library/Frameworks",
					"$(inherited)",
				);
				GCC_PREPROCESSOR_DEFINITIONS = (
					"DEBUG=1",
					"$(inherited)",
				);
				INFOPLIST_FILE = EmojiKitTests/Info.plist;
				LD_RUNPATH_SEARCH_PATHS = "$(inherited) @executable_path/Frameworks @loader_path/Frameworks";
				PRODUCT_NAME = "$(TARGET_NAME)";
				TEST_HOST = "$(BUILT_PRODUCTS_DIR)/Emojicons.app/Emojicons";
			};
			name = Debug;
		};
		4332168B19DDBAB600E3E9B9 /* Release */ = {
			isa = XCBuildConfiguration;
			buildSettings = {
				FRAMEWORK_SEARCH_PATHS = (
					"$(SDKROOT)/Developer/Library/Frameworks",
					"$(inherited)",
				);
				INFOPLIST_FILE = EmojiKitTests/Info.plist;
				LD_RUNPATH_SEARCH_PATHS = "$(inherited) @executable_path/Frameworks @loader_path/Frameworks";
				PRODUCT_NAME = "$(TARGET_NAME)";
				TEST_HOST = "$(BUILT_PRODUCTS_DIR)/Emojicons.app/Emojicons";
			};
			name = Release;
		};
/* End XCBuildConfiguration section */

/* Begin XCConfigurationList section */
		431B97BD19D413A30047B810 /* Build configuration list for PBXProject "EmotiBoard" */ = {
			isa = XCConfigurationList;
			buildConfigurations = (
				431B97DF19D413A30047B810 /* Debug */,
				431B97E019D413A30047B810 /* Release */,
			);
			defaultConfigurationIsVisible = 0;
			defaultConfigurationName = Release;
		};
		431B97E119D413A30047B810 /* Build configuration list for PBXNativeTarget "EmotiBoard" */ = {
			isa = XCConfigurationList;
			buildConfigurations = (
				431B97E219D413A30047B810 /* Debug */,
				431B97E319D413A30047B810 /* Release */,
			);
			defaultConfigurationIsVisible = 0;
			defaultConfigurationName = Release;
		};
		431B97E419D413A30047B810 /* Build configuration list for PBXNativeTarget "EmotiBoardTests" */ = {
			isa = XCConfigurationList;
			buildConfigurations = (
				431B97E519D413A30047B810 /* Debug */,
				431B97E619D413A30047B810 /* Release */,
			);
			defaultConfigurationIsVisible = 0;
			defaultConfigurationName = Release;
		};
		431B97F619D4144E0047B810 /* Build configuration list for PBXNativeTarget "EmotiBoard-Keyboard" */ = {
			isa = XCConfigurationList;
			buildConfigurations = (
				431B97F719D4144E0047B810 /* Debug */,
				431B97F819D4144E0047B810 /* Release */,
			);
			defaultConfigurationIsVisible = 0;
			defaultConfigurationName = Release;
		};
		4332168C19DDBAB600E3E9B9 /* Build configuration list for PBXNativeTarget "EmojiKit" */ = {
			isa = XCConfigurationList;
			buildConfigurations = (
				4332168819DDBAB600E3E9B9 /* Debug */,
				4332168919DDBAB600E3E9B9 /* Release */,
			);
			defaultConfigurationIsVisible = 0;
			defaultConfigurationName = Release;
		};
		4332168D19DDBAB600E3E9B9 /* Build configuration list for PBXNativeTarget "EmojiKitTests" */ = {
			isa = XCConfigurationList;
			buildConfigurations = (
				4332168A19DDBAB600E3E9B9 /* Debug */,
				4332168B19DDBAB600E3E9B9 /* Release */,
			);
			defaultConfigurationIsVisible = 0;
			defaultConfigurationName = Release;
		};
/* End XCConfigurationList section */

/* Begin XCVersionGroup section */
		43EE931119DC0AC600BAA1F2 /* Model.xcdatamodeld */ = {
			isa = XCVersionGroup;
			children = (
				43EE931219DC0AC600BAA1F2 /* Model.xcdatamodel */,
			);
			currentVersion = 43EE931219DC0AC600BAA1F2 /* Model.xcdatamodel */;
			path = Model.xcdatamodeld;
			sourceTree = "<group>";
			versionGroupType = wrapper.xcdatamodel;
		};
/* End XCVersionGroup section */
	};
	rootObject = 431B97BA19D413A20047B810 /* Project object */;
}
