// !$*UTF8*$!
{
	archiveVersion = 1;
	classes = {
	};
	objectVersion = 46;
	objects = {

/* Begin PBXBuildFile section */
		431B97C819D413A30047B810 /* AppDelegate.swift in Sources */ = {isa = PBXBuildFile; fileRef = 431B97C719D413A30047B810 /* AppDelegate.swift */; };
		431B97CA19D413A30047B810 /* ViewController.swift in Sources */ = {isa = PBXBuildFile; fileRef = 431B97C919D413A30047B810 /* ViewController.swift */; };
		431B97CD19D413A30047B810 /* Main.storyboard in Resources */ = {isa = PBXBuildFile; fileRef = 431B97CB19D413A30047B810 /* Main.storyboard */; };
		431B97CF19D413A30047B810 /* Images.xcassets in Resources */ = {isa = PBXBuildFile; fileRef = 431B97CE19D413A30047B810 /* Images.xcassets */; };
		431B97D219D413A30047B810 /* LaunchScreen.xib in Resources */ = {isa = PBXBuildFile; fileRef = 431B97D019D413A30047B810 /* LaunchScreen.xib */; };
		431B97DE19D413A30047B810 /* EmojiconsTests.swift in Sources */ = {isa = PBXBuildFile; fileRef = 431B97DD19D413A30047B810 /* EmojiconsTests.swift */; };
/* End PBXBuildFile section */

/* Begin PBXContainerItemProxy section */
		431B97D819D413A30047B810 /* PBXContainerItemProxy */ = {
			isa = PBXContainerItemProxy;
			containerPortal = 431B97BA19D413A20047B810 /* Project object */;
			proxyType = 1;
			remoteGlobalIDString = 431B97C119D413A30047B810;
			remoteInfo = Emojicons;
		};
/* End PBXContainerItemProxy section */

/* Begin PBXFileReference section */
		431B97C219D413A30047B810 /* Emojicons.app */ = {isa = PBXFileReference; explicitFileType = wrapper.application; includeInIndex = 0; path = Emojicons.app; sourceTree = BUILT_PRODUCTS_DIR; };
		431B97C619D413A30047B810 /* Info.plist */ = {isa = PBXFileReference; lastKnownFileType = text.plist.xml; path = Info.plist; sourceTree = "<group>"; };
		431B97C719D413A30047B810 /* AppDelegate.swift */ = {isa = PBXFileReference; lastKnownFileType = sourcecode.swift; path = AppDelegate.swift; sourceTree = "<group>"; };
		431B97C919D413A30047B810 /* ViewController.swift */ = {isa = PBXFileReference; lastKnownFileType = sourcecode.swift; path = ViewController.swift; sourceTree = "<group>"; };
		431B97CC19D413A30047B810 /* Base */ = {isa = PBXFileReference; lastKnownFileType = file.storyboard; name = Base; path = Base.lproj/Main.storyboard; sourceTree = "<group>"; };
		431B97CE19D413A30047B810 /* Images.xcassets */ = {isa = PBXFileReference; lastKnownFileType = folder.assetcatalog; path = Images.xcassets; sourceTree = "<group>"; };
		431B97D119D413A30047B810 /* Base */ = {isa = PBXFileReference; lastKnownFileType = file.xib; name = Base; path = Base.lproj/LaunchScreen.xib; sourceTree = "<group>"; };
		431B97D719D413A30047B810 /* EmojiconsTests.xctest */ = {isa = PBXFileReference; explicitFileType = wrapper.cfbundle; includeInIndex = 0; path = EmojiconsTests.xctest; sourceTree = BUILT_PRODUCTS_DIR; };
		431B97DC19D413A30047B810 /* Info.plist */ = {isa = PBXFileReference; lastKnownFileType = text.plist.xml; path = Info.plist; sourceTree = "<group>"; };
		431B97DD19D413A30047B810 /* EmojiconsTests.swift */ = {isa = PBXFileReference; lastKnownFileType = sourcecode.swift; path = EmojiconsTests.swift; sourceTree = "<group>"; };
/* End PBXFileReference section */

/* Begin PBXFrameworksBuildPhase section */
		431B97BF19D413A30047B810 /* Frameworks */ = {
			isa = PBXFrameworksBuildPhase;
			buildActionMask = 2147483647;
			files = (
			);
			runOnlyForDeploymentPostprocessing = 0;
		};
		431B97D419D413A30047B810 /* Frameworks */ = {
			isa = PBXFrameworksBuildPhase;
			buildActionMask = 2147483647;
			files = (
			);
			runOnlyForDeploymentPostprocessing = 0;
		};
/* End PBXFrameworksBuildPhase section */

/* Begin PBXGroup section */
		431B97B919D413A20047B810 = {
			isa = PBXGroup;
			children = (
				431B97C419D413A30047B810 /* Emojicons */,
				431B97DA19D413A30047B810 /* EmojiconsTests */,
				431B97C319D413A30047B810 /* Products */,
			);
			sourceTree = "<group>";
		};
		431B97C319D413A30047B810 /* Products */ = {
			isa = PBXGroup;
			children = (
				431B97C219D413A30047B810 /* Emojicons.app */,
				431B97D719D413A30047B810 /* EmojiconsTests.xctest */,
			);
			name = Products;
			sourceTree = "<group>";
		};
		431B97C419D413A30047B810 /* Emojicons */ = {
			isa = PBXGroup;
			children = (
				431B97C719D413A30047B810 /* AppDelegate.swift */,
				431B97C919D413A30047B810 /* ViewController.swift */,
				431B97CB19D413A30047B810 /* Main.storyboard */,
				431B97CE19D413A30047B810 /* Images.xcassets */,
				431B97D019D413A30047B810 /* LaunchScreen.xib */,
				431B97C519D413A30047B810 /* Supporting Files */,
			);
			path = Emojicons;
			sourceTree = "<group>";
		};
		431B97C519D413A30047B810 /* Supporting Files */ = {
			isa = PBXGroup;
			children = (
				431B97C619D413A30047B810 /* Info.plist */,
			);
			name = "Supporting Files";
			sourceTree = "<group>";
		};
		431B97DA19D413A30047B810 /* EmojiconsTests */ = {
			isa = PBXGroup;
			children = (
				431B97DD19D413A30047B810 /* EmojiconsTests.swift */,
				431B97DB19D413A30047B810 /* Supporting Files */,
			);
			path = EmojiconsTests;
			sourceTree = "<group>";
		};
		431B97DB19D413A30047B810 /* Supporting Files */ = {
			isa = PBXGroup;
			children = (
				431B97DC19D413A30047B810 /* Info.plist */,
			);
			name = "Supporting Files";
			sourceTree = "<group>";
		};
/* End PBXGroup section */

/* Begin PBXNativeTarget section */
		431B97C119D413A30047B810 /* Emojicons */ = {
			isa = PBXNativeTarget;
			buildConfigurationList = 431B97E119D413A30047B810 /* Build configuration list for PBXNativeTarget "Emojicons" */;
			buildPhases = (
				431B97BE19D413A30047B810 /* Sources */,
				431B97BF19D413A30047B810 /* Frameworks */,
				431B97C019D413A30047B810 /* Resources */,
			);
			buildRules = (
			);
			dependencies = (
			);
			name = Emojicons;
			productName = Emojicons;
			productReference = 431B97C219D413A30047B810 /* Emojicons.app */;
			productType = "com.apple.product-type.application";
		};
		431B97D619D413A30047B810 /* EmojiconsTests */ = {
			isa = PBXNativeTarget;
			buildConfigurationList = 431B97E419D413A30047B810 /* Build configuration list for PBXNativeTarget "EmojiconsTests" */;
			buildPhases = (
				431B97D319D413A30047B810 /* Sources */,
				431B97D419D413A30047B810 /* Frameworks */,
				431B97D519D413A30047B810 /* Resources */,
			);
			buildRules = (
			);
			dependencies = (
				431B97D919D413A30047B810 /* PBXTargetDependency */,
			);
			name = EmojiconsTests;
			productName = EmojiconsTests;
			productReference = 431B97D719D413A30047B810 /* EmojiconsTests.xctest */;
			productType = "com.apple.product-type.bundle.unit-test";
		};
/* End PBXNativeTarget section */

/* Begin PBXProject section */
		431B97BA19D413A20047B810 /* Project object */ = {
			isa = PBXProject;
			attributes = {
				LastUpgradeCheck = 0600;
				ORGANIZATIONNAME = "Andrew K.";
				TargetAttributes = {
					431B97C119D413A30047B810 = {
						CreatedOnToolsVersion = 6.0;
					};
					431B97D619D413A30047B810 = {
						CreatedOnToolsVersion = 6.0;
						TestTargetID = 431B97C119D413A30047B810;
					};
				};
			};
			buildConfigurationList = 431B97BD19D413A30047B810 /* Build configuration list for PBXProject "Emojicons" */;
			compatibilityVersion = "Xcode 3.2";
			developmentRegion = English;
			hasScannedForEncodings = 0;
			knownRegions = (
				en,
				Base,
			);
			mainGroup = 431B97B919D413A20047B810;
			productRefGroup = 431B97C319D413A30047B810 /* Products */;
			projectDirPath = "";
			projectRoot = "";
			targets = (
				431B97C119D413A30047B810 /* Emojicons */,
				431B97D619D413A30047B810 /* EmojiconsTests */,
			);
		};
/* End PBXProject section */

/* Begin PBXResourcesBuildPhase section */
		431B97C019D413A30047B810 /* Resources */ = {
			isa = PBXResourcesBuildPhase;
			buildActionMask = 2147483647;
			files = (
				431B97CD19D413A30047B810 /* Main.storyboard in Resources */,
				431B97D219D413A30047B810 /* LaunchScreen.xib in Resources */,
				431B97CF19D413A30047B810 /* Images.xcassets in Resources */,
			);
			runOnlyForDeploymentPostprocessing = 0;
		};
		431B97D519D413A30047B810 /* Resources */ = {
			isa = PBXResourcesBuildPhase;
			buildActionMask = 2147483647;
			files = (
			);
			runOnlyForDeploymentPostprocessing = 0;
		};
/* End PBXResourcesBuildPhase section */

/* Begin PBXSourcesBuildPhase section */
		431B97BE19D413A30047B810 /* Sources */ = {
			isa = PBXSourcesBuildPhase;
			buildActionMask = 2147483647;
			files = (
				431B97CA19D413A30047B810 /* ViewController.swift in Sources */,
				431B97C819D413A30047B810 /* AppDelegate.swift in Sources */,
			);
			runOnlyForDeploymentPostprocessing = 0;
		};
		431B97D319D413A30047B810 /* Sources */ = {
			isa = PBXSourcesBuildPhase;
			buildActionMask = 2147483647;
			files = (
				431B97DE19D413A30047B810 /* EmojiconsTests.swift in Sources */,
			);
			runOnlyForDeploymentPostprocessing = 0;
		};
/* End PBXSourcesBuildPhase section */

/* Begin PBXTargetDependency section */
		431B97D919D413A30047B810 /* PBXTargetDependency */ = {
			isa = PBXTargetDependency;
			target = 431B97C119D413A30047B810 /* Emojicons */;
			targetProxy = 431B97D819D413A30047B810 /* PBXContainerItemProxy */;
		};
/* End PBXTargetDependency section */

/* Begin PBXVariantGroup section */
		431B97CB19D413A30047B810 /* Main.storyboard */ = {
			isa = PBXVariantGroup;
			children = (
				431B97CC19D413A30047B810 /* Base */,
			);
			name = Main.storyboard;
			sourceTree = "<group>";
		};
		431B97D019D413A30047B810 /* LaunchScreen.xib */ = {
			isa = PBXVariantGroup;
			children = (
				431B97D119D413A30047B810 /* Base */,
			);
			name = LaunchScreen.xib;
			sourceTree = "<group>";
		};
/* End PBXVariantGroup section */

/* Begin XCBuildConfiguration section */
		431B97DF19D413A30047B810 /* Debug */ = {
			isa = XCBuildConfiguration;
			buildSettings = {
				ALWAYS_SEARCH_USER_PATHS = NO;
				CLANG_CXX_LANGUAGE_STANDARD = "gnu++0x";
				CLANG_CXX_LIBRARY = "libc++";
				CLANG_ENABLE_MODULES = YES;
				CLANG_ENABLE_OBJC_ARC = YES;
				CLANG_WARN_BOOL_CONVERSION = YES;
				CLANG_WARN_CONSTANT_CONVERSION = YES;
				CLANG_WARN_DIRECT_OBJC_ISA_USAGE = YES_ERROR;
				CLANG_WARN_EMPTY_BODY = YES;
				CLANG_WARN_ENUM_CONVERSION = YES;
				CLANG_WARN_INT_CONVERSION = YES;
				CLANG_WARN_OBJC_ROOT_CLASS = YES_ERROR;
				CLANG_WARN_UNREACHABLE_CODE = YES;
				CLANG_WARN__DUPLICATE_METHOD_MATCH = YES;
				"CODE_SIGN_IDENTITY[sdk=iphoneos*]" = "iPhone Developer";
				COPY_PHASE_STRIP = NO;
				ENABLE_STRICT_OBJC_MSGSEND = YES;
				GCC_C_LANGUAGE_STANDARD = gnu99;
				GCC_DYNAMIC_NO_PIC = NO;
				GCC_OPTIMIZATION_LEVEL = 0;
				GCC_PREPROCESSOR_DEFINITIONS = (
					"DEBUG=1",
					"$(inherited)",
				);
				GCC_SYMBOLS_PRIVATE_EXTERN = NO;
				GCC_WARN_64_TO_32_BIT_CONVERSION = YES;
				GCC_WARN_ABOUT_RETURN_TYPE = YES_ERROR;
				GCC_WARN_UNDECLARED_SELECTOR = YES;
				GCC_WARN_UNINITIALIZED_AUTOS = YES_AGGRESSIVE;
				GCC_WARN_UNUSED_FUNCTION = YES;
				GCC_WARN_UNUSED_VARIABLE = YES;
				IPHONEOS_DEPLOYMENT_TARGET = 8.0;
				MTL_ENABLE_DEBUG_INFO = YES;
				ONLY_ACTIVE_ARCH = YES;
				SDKROOT = iphoneos;
				SWIFT_OPTIMIZATION_LEVEL = "-Onone";
				TARGETED_DEVICE_FAMILY = "1,2";
			};
			name = Debug;
		};
		431B97E019D413A30047B810 /* Release */ = {
			isa = XCBuildConfiguration;
			buildSettings = {
				ALWAYS_SEARCH_USER_PATHS = NO;
				CLANG_CXX_LANGUAGE_STANDARD = "gnu++0x";
				CLANG_CXX_LIBRARY = "libc++";
				CLANG_ENABLE_MODULES = YES;
				CLANG_ENABLE_OBJC_ARC = YES;
				CLANG_WARN_BOOL_CONVERSION = YES;
				CLANG_WARN_CONSTANT_CONVERSION = YES;
				CLANG_WARN_DIRECT_OBJC_ISA_USAGE = YES_ERROR;
				CLANG_WARN_EMPTY_BODY = YES;
				CLANG_WARN_ENUM_CONVERSION = YES;
				CLANG_WARN_INT_CONVERSION = YES;
				CLANG_WARN_OBJC_ROOT_CLASS = YES_ERROR;
				CLANG_WARN_UNREACHABLE_CODE = YES;
				CLANG_WARN__DUPLICATE_METHOD_MATCH = YES;
				"CODE_SIGN_IDENTITY[sdk=iphoneos*]" = "iPhone Developer";
				COPY_PHASE_STRIP = YES;
				ENABLE_NS_ASSERTIONS = NO;
				ENABLE_STRICT_OBJC_MSGSEND = YES;
				GCC_C_LANGUAGE_STANDARD = gnu99;
				GCC_WARN_64_TO_32_BIT_CONVERSION = YES;
				GCC_WARN_ABOUT_RETURN_TYPE = YES_ERROR;
				GCC_WARN_UNDECLARED_SELECTOR = YES;
				GCC_WARN_UNINITIALIZED_AUTOS = YES_AGGRESSIVE;
				GCC_WARN_UNUSED_FUNCTION = YES;
				GCC_WARN_UNUSED_VARIABLE = YES;
				IPHONEOS_DEPLOYMENT_TARGET = 8.0;
				MTL_ENABLE_DEBUG_INFO = NO;
				SDKROOT = iphoneos;
				TARGETED_DEVICE_FAMILY = "1,2";
				VALIDATE_PRODUCT = YES;
			};
			name = Release;
		};
		431B97E219D413A30047B810 /* Debug */ = {
			isa = XCBuildConfiguration;
			buildSettings = {
				ASSETCATALOG_COMPILER_APPICON_NAME = AppIcon;
				INFOPLIST_FILE = Emojicons/Info.plist;
				LD_RUNPATH_SEARCH_PATHS = "$(inherited) @executable_path/Frameworks";
				PRODUCT_NAME = "$(TARGET_NAME)";
			};
			name = Debug;
		};
		431B97E319D413A30047B810 /* Release */ = {
			isa = XCBuildConfiguration;
			buildSettings = {
				ASSETCATALOG_COMPILER_APPICON_NAME = AppIcon;
				INFOPLIST_FILE = Emojicons/Info.plist;
				LD_RUNPATH_SEARCH_PATHS = "$(inherited) @executable_path/Frameworks";
				PRODUCT_NAME = "$(TARGET_NAME)";
			};
			name = Release;
		};
		431B97E519D413A30047B810 /* Debug */ = {
			isa = XCBuildConfiguration;
			buildSettings = {
				BUNDLE_LOADER = "$(TEST_HOST)";
				FRAMEWORK_SEARCH_PATHS = (
					"$(SDKROOT)/Developer/Library/Frameworks",
					"$(inherited)",
				);
				GCC_PREPROCESSOR_DEFINITIONS = (
					"DEBUG=1",
					"$(inherited)",
				);
				INFOPLIST_FILE = EmojiconsTests/Info.plist;
				LD_RUNPATH_SEARCH_PATHS = "$(inherited) @executable_path/Frameworks @loader_path/Frameworks";
				PRODUCT_NAME = "$(TARGET_NAME)";
				TEST_HOST = "$(BUILT_PRODUCTS_DIR)/Emojicons.app/Emojicons";
			};
			name = Debug;
		};
		431B97E619D413A30047B810 /* Release */ = {
			isa = XCBuildConfiguration;
			buildSettings = {
				BUNDLE_LOADER = "$(TEST_HOST)";
				FRAMEWORK_SEARCH_PATHS = (
					"$(SDKROOT)/Developer/Library/Frameworks",
					"$(inherited)",
				);
				INFOPLIST_FILE = EmojiconsTests/Info.plist;
				LD_RUNPATH_SEARCH_PATHS = "$(inherited) @executable_path/Frameworks @loader_path/Frameworks";
				PRODUCT_NAME = "$(TARGET_NAME)";
				TEST_HOST = "$(BUILT_PRODUCTS_DIR)/Emojicons.app/Emojicons";
			};
			name = Release;
		};
/* End XCBuildConfiguration section */

/* Begin XCConfigurationList section */
		431B97BD19D413A30047B810 /* Build configuration list for PBXProject "Emojicons" */ = {
			isa = XCConfigurationList;
			buildConfigurations = (
				431B97DF19D413A30047B810 /* Debug */,
				431B97E019D413A30047B810 /* Release */,
			);
			defaultConfigurationIsVisible = 0;
			defaultConfigurationName = Release;
		};
		431B97E119D413A30047B810 /* Build configuration list for PBXNativeTarget "Emojicons" */ = {
			isa = XCConfigurationList;
			buildConfigurations = (
				431B97E219D413A30047B810 /* Debug */,
				431B97E319D413A30047B810 /* Release */,
			);
			defaultConfigurationIsVisible = 0;
		};
		431B97E419D413A30047B810 /* Build configuration list for PBXNativeTarget "EmojiconsTests" */ = {
			isa = XCConfigurationList;
			buildConfigurations = (
				431B97E519D413A30047B810 /* Debug */,
				431B97E619D413A30047B810 /* Release */,
			);
			defaultConfigurationIsVisible = 0;
		};
/* End XCConfigurationList section */
	};
	rootObject = 431B97BA19D413A20047B810 /* Project object */;
}
